
Microsoft Visual Studio Solution File, Format Version 12.00
# Visual Studio Version 17
VisualStudioVersion = 17.10.35013.160
MinimumVisualStudioVersion = 10.0.40219.1
Project("{FAE04EC0-301F-11D3-BF4B-00C04F79EFBC}") = "AppCadastroClientes", "AppCadastroClientes\AppCadastroClientes.csproj", "{3CE619EF-C8B5-43F6-AE4F-C976A3ABCDDA}"
EndProject
Global
	GlobalSection(SolutionConfigurationPlatforms) = preSolution
		Debug|Any CPU = Debug|Any CPU
		Release|Any CPU = Release|Any CPU
	EndGlobalSection
	GlobalSection(ProjectConfigurationPlatforms) = postSolution
		{3CE619EF-C8B5-43F6-AE4F-C976A3ABCDDA}.Debug|Any CPU.ActiveCfg = Debug|Any CPU
		{3CE619EF-C8B5-43F6-AE4F-C976A3ABCDDA}.Debug|Any CPU.Build.0 = Debug|Any CPU
		{3CE619EF-C8B5-43F6-AE4F-C976A3ABCDDA}.Release|Any CPU.ActiveCfg = Release|Any CPU
		{3CE619EF-C8B5-43F6-AE4F-C976A3ABCDDA}.Release|Any CPU.Build.0 = Release|Any CPU
	EndGlobalSection
	GlobalSection(SolutionProperties) = preSolution
		HideSolutionNode = FALSE
	EndGlobalSection
	GlobalSection(ExtensibilityGlobals) = postSolution
		SolutionGuid = {683D0CAC-DEEA-4593-B5C6-F276B5069021}
	EndGlobalSection
EndGlobal
